{
  "object": {
    "pins": [
      {
        "package": "CommandRegistry",
        "repositoryURL": "https://github.com/eneko/CommandRegistry",
        "state": {
          "branch": null,
          "revision": "4c953e485307caf1b97565a0834ac447609647ff",
          "version": "0.3.0"
        }
      },
      {
        "package": "Files",
        "repositoryURL": "https://github.com/johnsundell/Files",
        "state": {
          "branch": null,
          "revision": "a84615f4558151fab52ac38df697ce2442991f93",
          "version": "2.3.0"
        }
      },
      {
        "package": "Logger",
        "repositoryURL": "https://github.com/eneko/Logger.git",
        "state": {
          "branch": null,
          "revision": "146a17c68a442859ec409b2ae1a23d1913d48c5d",
          "version": "0.0.2"
        }
      },
      {
        "package": "Regex",
        "repositoryURL": "https://github.com/sharplet/Regex.git",
        "state": {
          "branch": null,
          "revision": "3bf30ed3d28a98737ee7d8c11976e1d707ec168b",
          "version": "2.0.0"
        }
      },
      {
        "package": "SwiftPM",
        "repositoryURL": "https://github.com/apple/swift-package-manager.git",
        "state": {
          "branch": null,
          "revision": "235aacc514cb81a6881364b0fedcb3dd083228f3",
          "version": "0.3.0"
        }
      }
    ]
  },
  "version": 1
}
