{
  "object": {
    "pins": [
      {
        "package": "Files",
        "repositoryURL": "https://github.com/johnsundell/Files",
        "state": {
          "branch": null,
          "revision": "6171f9e9d8619678da22355560f3dbed6368058d",
          "version": "2.0.1"
        }
      },
      {
        "package": "Regex",
        "repositoryURL": "https://github.com/sharplet/Regex",
        "state": {
          "branch": null,
          "revision": "3e671ed911b467c0d9c05e56f03d9e5bcb535f39",
          "version": "1.1.0"
        }
      },
      {
        "package": "SwiftCLI",
        "repositoryURL": "https://github.com/jakeheis/SwiftCLI",
        "state": {
          "branch": null,
          "revision": "afd7cd100aa18e1ad878279f506fbff71b59ed91",
          "version": "4.0.3"
        }
      }
    ]
  },
  "version": 1
}
